
Microsoft Visual Studio Solution File, Format Version 12.00
# Visual Studio Version 16
VisualStudioVersion = 16.0.34601.136
MinimumVisualStudioVersion = 10.0.40219.1
Project("{FAE04EC0-301F-11D3-BF4B-00C04F79EFBC}") = "BaiTap2", "BaiTap2\BaiTap2.csproj", "{5CC4C937-5E2C-4B92-9F2C-8A8A4EC4854A}"
EndProject
Global
	GlobalSection(SolutionConfigurationPlatforms) = preSolution
		Debug|Any CPU = Debug|Any CPU
		Release|Any CPU = Release|Any CPU
	EndGlobalSection
	GlobalSection(ProjectConfigurationPlatforms) = postSolution
		{5CC4C937-5E2C-4B92-9F2C-8A8A4EC4854A}.Debug|Any CPU.ActiveCfg = Debug|Any CPU
		{5CC4C937-5E2C-4B92-9F2C-8A8A4EC4854A}.Debug|Any CPU.Build.0 = Debug|Any CPU
		{5CC4C937-5E2C-4B92-9F2C-8A8A4EC4854A}.Release|Any CPU.ActiveCfg = Release|Any CPU
		{5CC4C937-5E2C-4B92-9F2C-8A8A4EC4854A}.Release|Any CPU.Build.0 = Release|Any CPU
	EndGlobalSection
	GlobalSection(SolutionProperties) = preSolution
		HideSolutionNode = FALSE
	EndGlobalSection
	GlobalSection(ExtensibilityGlobals) = postSolution
		SolutionGuid = {D4612909-6980-4980-8215-A282A81C88F5}
	EndGlobalSection
EndGlobal
